
Microsoft Visual Studio Solution File, Format Version 12.00
# Visual Studio Version 17
VisualStudioVersion = 17.6.33723.286
MinimumVisualStudioVersion = 10.0.40219.1
Project("{FAE04EC0-301F-11D3-BF4B-00C04F79EFBC}") = "DIO-BANK", "DIO-BANK\DIO-BANK.csproj", "{1C4707D8-FCC4-4D97-ADF5-845654C21D32}"
EndProject
Global
	GlobalSection(SolutionConfigurationPlatforms) = preSolution
		Debug|Any CPU = Debug|Any CPU
		Release|Any CPU = Release|Any CPU
	EndGlobalSection
	GlobalSection(ProjectConfigurationPlatforms) = postSolution
		{1C4707D8-FCC4-4D97-ADF5-845654C21D32}.Debug|Any CPU.ActiveCfg = Debug|Any CPU
		{1C4707D8-FCC4-4D97-ADF5-845654C21D32}.Debug|Any CPU.Build.0 = Debug|Any CPU
		{1C4707D8-FCC4-4D97-ADF5-845654C21D32}.Release|Any CPU.ActiveCfg = Release|Any CPU
		{1C4707D8-FCC4-4D97-ADF5-845654C21D32}.Release|Any CPU.Build.0 = Release|Any CPU
	EndGlobalSection
	GlobalSection(SolutionProperties) = preSolution
		HideSolutionNode = FALSE
	EndGlobalSection
	GlobalSection(ExtensibilityGlobals) = postSolution
		SolutionGuid = {4C8C6A58-6215-481A-B512-4DF9FE973253}
	EndGlobalSection
EndGlobal
